// !$*UTF8*$!
{
	archiveVersion = 1;
	classes = {
	};
	objectVersion = 56;
	objects = {

/* Begin PBXBuildFile section */
		6697C3A92954A685004915A4 /* CodeEditor in Frameworks */ = {isa = PBXBuildFile; productRef = 6697C3A82954A685004915A4 /* CodeEditor */; };
		6697C3AB2954A994004915A4 /* SettingsView.swift in Sources */ = {isa = PBXBuildFile; fileRef = 6697C3AA2954A994004915A4 /* SettingsView.swift */; };
		6698E39D29546B9C00EDF00E /* EditorMode.swift in Sources */ = {isa = PBXBuildFile; fileRef = 6698E39C29546B9C00EDF00E /* EditorMode.swift */; };
		6698E39F29546DA800EDF00E /* EditorView.swift in Sources */ = {isa = PBXBuildFile; fileRef = 6698E39E29546DA800EDF00E /* EditorView.swift */; };
		6698E3A129546DB000EDF00E /* PreviewView.swift in Sources */ = {isa = PBXBuildFile; fileRef = 6698E3A029546DB000EDF00E /* PreviewView.swift */; };
		6698E3A4295475BE00EDF00E /* MarkdownUI in Frameworks */ = {isa = PBXBuildFile; productRef = 6698E3A3295475BE00EDF00E /* MarkdownUI */; };
		6698E3A629547B7E00EDF00E /* OutlinerView.swift in Sources */ = {isa = PBXBuildFile; fileRef = 6698E3A529547B7E00EDF00E /* OutlinerView.swift */; };
		6698E3A829547BFC00EDF00E /* MdHeading.swift in Sources */ = {isa = PBXBuildFile; fileRef = 6698E3A729547BFC00EDF00E /* MdHeading.swift */; };
		66CF50662953AE2E003C5B1B /* mdWriterApp.swift in Sources */ = {isa = PBXBuildFile; fileRef = 66CF50652953AE2E003C5B1B /* mdWriterApp.swift */; };
		66CF50682953AE2E003C5B1B /* MainView.swift in Sources */ = {isa = PBXBuildFile; fileRef = 66CF50672953AE2E003C5B1B /* MainView.swift */; };
		66CF506A2953AE2F003C5B1B /* Assets.xcassets in Resources */ = {isa = PBXBuildFile; fileRef = 66CF50692953AE2F003C5B1B /* Assets.xcassets */; };
		66CF506E2953AE2F003C5B1B /* Preview Assets.xcassets in Resources */ = {isa = PBXBuildFile; fileRef = 66CF506D2953AE2F003C5B1B /* Preview Assets.xcassets */; };
		66CF50752953B038003C5B1B /* MdFile.swift in Sources */ = {isa = PBXBuildFile; fileRef = 66CF50742953B038003C5B1B /* MdFile.swift */; };
		66CF507A2953B59F003C5B1B /* FiraCode-Regular.ttf in Resources */ = {isa = PBXBuildFile; fileRef = 66CF50782953B59F003C5B1B /* FiraCode-Regular.ttf */; };
		66CF507B2953B59F003C5B1B /* FiraCode-Medium.ttf in Resources */ = {isa = PBXBuildFile; fileRef = 66CF50792953B59F003C5B1B /* FiraCode-Medium.ttf */; };
/* End PBXBuildFile section */

/* Begin PBXFileReference section */
		6697C3AA2954A994004915A4 /* SettingsView.swift */ = {isa = PBXFileReference; lastKnownFileType = sourcecode.swift; path = SettingsView.swift; sourceTree = "<group>"; };
		6697C3AE2954CA03004915A4 /* Info.plist */ = {isa = PBXFileReference; lastKnownFileType = text.plist; path = Info.plist; sourceTree = "<group>"; };
		6698E39C29546B9C00EDF00E /* EditorMode.swift */ = {isa = PBXFileReference; lastKnownFileType = sourcecode.swift; path = EditorMode.swift; sourceTree = "<group>"; };
		6698E39E29546DA800EDF00E /* EditorView.swift */ = {isa = PBXFileReference; lastKnownFileType = sourcecode.swift; path = EditorView.swift; sourceTree = "<group>"; };
		6698E3A029546DB000EDF00E /* PreviewView.swift */ = {isa = PBXFileReference; lastKnownFileType = sourcecode.swift; path = PreviewView.swift; sourceTree = "<group>"; };
		6698E3A529547B7E00EDF00E /* OutlinerView.swift */ = {isa = PBXFileReference; lastKnownFileType = sourcecode.swift; path = OutlinerView.swift; sourceTree = "<group>"; };
		6698E3A729547BFC00EDF00E /* MdHeading.swift */ = {isa = PBXFileReference; lastKnownFileType = sourcecode.swift; path = MdHeading.swift; sourceTree = "<group>"; };
		66CF50622953AE2E003C5B1B /* mdWriter.app */ = {isa = PBXFileReference; explicitFileType = wrapper.application; includeInIndex = 0; path = mdWriter.app; sourceTree = BUILT_PRODUCTS_DIR; };
		66CF50652953AE2E003C5B1B /* mdWriterApp.swift */ = {isa = PBXFileReference; lastKnownFileType = sourcecode.swift; path = mdWriterApp.swift; sourceTree = "<group>"; };
		66CF50672953AE2E003C5B1B /* MainView.swift */ = {isa = PBXFileReference; lastKnownFileType = sourcecode.swift; path = MainView.swift; sourceTree = "<group>"; };
		66CF50692953AE2F003C5B1B /* Assets.xcassets */ = {isa = PBXFileReference; lastKnownFileType = folder.assetcatalog; path = Assets.xcassets; sourceTree = "<group>"; };
		66CF506B2953AE2F003C5B1B /* mdWriter.entitlements */ = {isa = PBXFileReference; lastKnownFileType = text.plist.entitlements; path = mdWriter.entitlements; sourceTree = "<group>"; };
		66CF506D2953AE2F003C5B1B /* Preview Assets.xcassets */ = {isa = PBXFileReference; lastKnownFileType = folder.assetcatalog; path = "Preview Assets.xcassets"; sourceTree = "<group>"; };
		66CF50742953B038003C5B1B /* MdFile.swift */ = {isa = PBXFileReference; lastKnownFileType = sourcecode.swift; path = MdFile.swift; sourceTree = "<group>"; };
		66CF50762953B28C003C5B1B /* Info.plist */ = {isa = PBXFileReference; lastKnownFileType = text.plist.xml; path = Info.plist; sourceTree = "<group>"; };
		66CF50782953B59F003C5B1B /* FiraCode-Regular.ttf */ = {isa = PBXFileReference; lastKnownFileType = file; path = "FiraCode-Regular.ttf"; sourceTree = "<group>"; };
		66CF50792953B59F003C5B1B /* FiraCode-Medium.ttf */ = {isa = PBXFileReference; lastKnownFileType = file; path = "FiraCode-Medium.ttf"; sourceTree = "<group>"; };
/* End PBXFileReference section */

/* Begin PBXFrameworksBuildPhase section */
		66CF505F2953AE2E003C5B1B /* Frameworks */ = {
			isa = PBXFrameworksBuildPhase;
			buildActionMask = 2147483647;
			files = (
				6697C3A92954A685004915A4 /* CodeEditor in Frameworks */,
				6698E3A4295475BE00EDF00E /* MarkdownUI in Frameworks */,
			);
			runOnlyForDeploymentPostprocessing = 0;
		};
/* End PBXFrameworksBuildPhase section */

/* Begin PBXGroup section */
		66CF50592953AE2E003C5B1B = {
			isa = PBXGroup;
			children = (
				66CF50762953B28C003C5B1B /* Info.plist */,
				66CF50642953AE2E003C5B1B /* mdWriter */,
				66CF50632953AE2E003C5B1B /* Products */,
			);
			sourceTree = "<group>";
		};
		66CF50632953AE2E003C5B1B /* Products */ = {
			isa = PBXGroup;
			children = (
				66CF50622953AE2E003C5B1B /* mdWriter.app */,
			);
			name = Products;
			sourceTree = "<group>";
		};
		66CF50642953AE2E003C5B1B /* mdWriter */ = {
			isa = PBXGroup;
			children = (
				6697C3AE2954CA03004915A4 /* Info.plist */,
				66CF507C2953B5A9003C5B1B /* Fonts */,
				66CF50652953AE2E003C5B1B /* mdWriterApp.swift */,
				6697C3AA2954A994004915A4 /* SettingsView.swift */,
				66CF50742953B038003C5B1B /* MdFile.swift */,
				66CF50672953AE2E003C5B1B /* MainView.swift */,
				6698E3A529547B7E00EDF00E /* OutlinerView.swift */,
				6698E3A729547BFC00EDF00E /* MdHeading.swift */,
				6698E39E29546DA800EDF00E /* EditorView.swift */,
				6698E3A029546DB000EDF00E /* PreviewView.swift */,
				6698E39C29546B9C00EDF00E /* EditorMode.swift */,
				66CF50692953AE2F003C5B1B /* Assets.xcassets */,
				66CF506B2953AE2F003C5B1B /* mdWriter.entitlements */,
				66CF506C2953AE2F003C5B1B /* Preview Content */,
			);
			path = mdWriter;
			sourceTree = "<group>";
		};
		66CF506C2953AE2F003C5B1B /* Preview Content */ = {
			isa = PBXGroup;
			children = (
				66CF506D2953AE2F003C5B1B /* Preview Assets.xcassets */,
			);
			path = "Preview Content";
			sourceTree = "<group>";
		};
		66CF507C2953B5A9003C5B1B /* Fonts */ = {
			isa = PBXGroup;
			children = (
				66CF50792953B59F003C5B1B /* FiraCode-Medium.ttf */,
				66CF50782953B59F003C5B1B /* FiraCode-Regular.ttf */,
			);
			path = Fonts;
			sourceTree = "<group>";
		};
/* End PBXGroup section */

/* Begin PBXNativeTarget section */
		66CF50612953AE2E003C5B1B /* mdWriter */ = {
			isa = PBXNativeTarget;
			buildConfigurationList = 66CF50712953AE2F003C5B1B /* Build configuration list for PBXNativeTarget "mdWriter" */;
			buildPhases = (
				66CF505E2953AE2E003C5B1B /* Sources */,
				66CF505F2953AE2E003C5B1B /* Frameworks */,
				66CF50602953AE2E003C5B1B /* Resources */,
			);
			buildRules = (
			);
			dependencies = (
			);
			name = mdWriter;
			packageProductDependencies = (
				6698E3A3295475BE00EDF00E /* MarkdownUI */,
				6697C3A82954A685004915A4 /* CodeEditor */,
			);
			productName = mdWriter;
			productReference = 66CF50622953AE2E003C5B1B /* mdWriter.app */;
			productType = "com.apple.product-type.application";
		};
/* End PBXNativeTarget section */

/* Begin PBXProject section */
		66CF505A2953AE2E003C5B1B /* Project object */ = {
			isa = PBXProject;
			attributes = {
				BuildIndependentTargetsInParallel = 1;
				LastSwiftUpdateCheck = 1420;
				LastUpgradeCheck = 1420;
				TargetAttributes = {
					66CF50612953AE2E003C5B1B = {
						CreatedOnToolsVersion = 14.2;
					};
				};
			};
			buildConfigurationList = 66CF505D2953AE2E003C5B1B /* Build configuration list for PBXProject "mdWriter" */;
			compatibilityVersion = "Xcode 14.0";
			developmentRegion = en;
			hasScannedForEncodings = 0;
			knownRegions = (
				en,
				Base,
			);
			mainGroup = 66CF50592953AE2E003C5B1B;
			packageReferences = (
				6698E3A2295475BE00EDF00E /* XCRemoteSwiftPackageReference "MarkdownUI" */,
				6697C3A72954A685004915A4 /* XCRemoteSwiftPackageReference "CodeEditor" */,
			);
			productRefGroup = 66CF50632953AE2E003C5B1B /* Products */;
			projectDirPath = "";
			projectRoot = "";
			targets = (
				66CF50612953AE2E003C5B1B /* mdWriter */,
			);
		};
/* End PBXProject section */

/* Begin PBXResourcesBuildPhase section */
		66CF50602953AE2E003C5B1B /* Resources */ = {
			isa = PBXResourcesBuildPhase;
			buildActionMask = 2147483647;
			files = (
				66CF507A2953B59F003C5B1B /* FiraCode-Regular.ttf in Resources */,
				66CF507B2953B59F003C5B1B /* FiraCode-Medium.ttf in Resources */,
				66CF506E2953AE2F003C5B1B /* Preview Assets.xcassets in Resources */,
				66CF506A2953AE2F003C5B1B /* Assets.xcassets in Resources */,
			);
			runOnlyForDeploymentPostprocessing = 0;
		};
/* End PBXResourcesBuildPhase section */

/* Begin PBXSourcesBuildPhase section */
		66CF505E2953AE2E003C5B1B /* Sources */ = {
			isa = PBXSourcesBuildPhase;
			buildActionMask = 2147483647;
			files = (
				66CF50752953B038003C5B1B /* MdFile.swift in Sources */,
				66CF50682953AE2E003C5B1B /* MainView.swift in Sources */,
				66CF50662953AE2E003C5B1B /* mdWriterApp.swift in Sources */,
				6697C3AB2954A994004915A4 /* SettingsView.swift in Sources */,
				6698E3A829547BFC00EDF00E /* MdHeading.swift in Sources */,
				6698E3A629547B7E00EDF00E /* OutlinerView.swift in Sources */,
				6698E39D29546B9C00EDF00E /* EditorMode.swift in Sources */,
				6698E39F29546DA800EDF00E /* EditorView.swift in Sources */,
				6698E3A129546DB000EDF00E /* PreviewView.swift in Sources */,
			);
			runOnlyForDeploymentPostprocessing = 0;
		};
/* End PBXSourcesBuildPhase section */

/* Begin XCBuildConfiguration section */
		66CF506F2953AE2F003C5B1B /* Debug */ = {
			isa = XCBuildConfiguration;
			buildSettings = {
				ALWAYS_SEARCH_USER_PATHS = NO;
				CLANG_ANALYZER_NONNULL = YES;
				CLANG_ANALYZER_NUMBER_OBJECT_CONVERSION = YES_AGGRESSIVE;
				CLANG_CXX_LANGUAGE_STANDARD = "gnu++20";
				CLANG_ENABLE_MODULES = YES;
				CLANG_ENABLE_OBJC_ARC = YES;
				CLANG_ENABLE_OBJC_WEAK = YES;
				CLANG_WARN_BLOCK_CAPTURE_AUTORELEASING = YES;
				CLANG_WARN_BOOL_CONVERSION = YES;
				CLANG_WARN_COMMA = YES;
				CLANG_WARN_CONSTANT_CONVERSION = YES;
				CLANG_WARN_DEPRECATED_OBJC_IMPLEMENTATIONS = YES;
				CLANG_WARN_DIRECT_OBJC_ISA_USAGE = YES_ERROR;
				CLANG_WARN_DOCUMENTATION_COMMENTS = YES;
				CLANG_WARN_EMPTY_BODY = YES;
				CLANG_WARN_ENUM_CONVERSION = YES;
				CLANG_WARN_INFINITE_RECURSION = YES;
				CLANG_WARN_INT_CONVERSION = YES;
				CLANG_WARN_NON_LITERAL_NULL_CONVERSION = YES;
				CLANG_WARN_OBJC_IMPLICIT_RETAIN_SELF = YES;
				CLANG_WARN_OBJC_LITERAL_CONVERSION = YES;
				CLANG_WARN_OBJC_ROOT_CLASS = YES_ERROR;
				CLANG_WARN_QUOTED_INCLUDE_IN_FRAMEWORK_HEADER = YES;
				CLANG_WARN_RANGE_LOOP_ANALYSIS = YES;
				CLANG_WARN_STRICT_PROTOTYPES = YES;
				CLANG_WARN_SUSPICIOUS_MOVE = YES;
				CLANG_WARN_UNGUARDED_AVAILABILITY = YES_AGGRESSIVE;
				CLANG_WARN_UNREACHABLE_CODE = YES;
				CLANG_WARN__DUPLICATE_METHOD_MATCH = YES;
				COPY_PHASE_STRIP = NO;
				DEBUG_INFORMATION_FORMAT = dwarf;
				ENABLE_STRICT_OBJC_MSGSEND = YES;
				ENABLE_TESTABILITY = YES;
				GCC_C_LANGUAGE_STANDARD = gnu11;
				GCC_DYNAMIC_NO_PIC = NO;
				GCC_NO_COMMON_BLOCKS = YES;
				GCC_OPTIMIZATION_LEVEL = 0;
				GCC_PREPROCESSOR_DEFINITIONS = (
					"DEBUG=1",
					"$(inherited)",
				);
				GCC_WARN_64_TO_32_BIT_CONVERSION = YES;
				GCC_WARN_ABOUT_RETURN_TYPE = YES_ERROR;
				GCC_WARN_UNDECLARED_SELECTOR = YES;
				GCC_WARN_UNINITIALIZED_AUTOS = YES_AGGRESSIVE;
				GCC_WARN_UNUSED_FUNCTION = YES;
				GCC_WARN_UNUSED_VARIABLE = YES;
				MTL_ENABLE_DEBUG_INFO = INCLUDE_SOURCE;
				MTL_FAST_MATH = YES;
				ONLY_ACTIVE_ARCH = YES;
				SWIFT_ACTIVE_COMPILATION_CONDITIONS = DEBUG;
				SWIFT_OPTIMIZATION_LEVEL = "-Onone";
			};
			name = Debug;
		};
		66CF50702953AE2F003C5B1B /* Release */ = {
			isa = XCBuildConfiguration;
			buildSettings = {
				ALWAYS_SEARCH_USER_PATHS = NO;
				CLANG_ANALYZER_NONNULL = YES;
				CLANG_ANALYZER_NUMBER_OBJECT_CONVERSION = YES_AGGRESSIVE;
				CLANG_CXX_LANGUAGE_STANDARD = "gnu++20";
				CLANG_ENABLE_MODULES = YES;
				CLANG_ENABLE_OBJC_ARC = YES;
				CLANG_ENABLE_OBJC_WEAK = YES;
				CLANG_WARN_BLOCK_CAPTURE_AUTORELEASING = YES;
				CLANG_WARN_BOOL_CONVERSION = YES;
				CLANG_WARN_COMMA = YES;
				CLANG_WARN_CONSTANT_CONVERSION = YES;
				CLANG_WARN_DEPRECATED_OBJC_IMPLEMENTATIONS = YES;
				CLANG_WARN_DIRECT_OBJC_ISA_USAGE = YES_ERROR;
				CLANG_WARN_DOCUMENTATION_COMMENTS = YES;
				CLANG_WARN_EMPTY_BODY = YES;
				CLANG_WARN_ENUM_CONVERSION = YES;
				CLANG_WARN_INFINITE_RECURSION = YES;
				CLANG_WARN_INT_CONVERSION = YES;
				CLANG_WARN_NON_LITERAL_NULL_CONVERSION = YES;
				CLANG_WARN_OBJC_IMPLICIT_RETAIN_SELF = YES;
				CLANG_WARN_OBJC_LITERAL_CONVERSION = YES;
				CLANG_WARN_OBJC_ROOT_CLASS = YES_ERROR;
				CLANG_WARN_QUOTED_INCLUDE_IN_FRAMEWORK_HEADER = YES;
				CLANG_WARN_RANGE_LOOP_ANALYSIS = YES;
				CLANG_WARN_STRICT_PROTOTYPES = YES;
				CLANG_WARN_SUSPICIOUS_MOVE = YES;
				CLANG_WARN_UNGUARDED_AVAILABILITY = YES_AGGRESSIVE;
				CLANG_WARN_UNREACHABLE_CODE = YES;
				CLANG_WARN__DUPLICATE_METHOD_MATCH = YES;
				COPY_PHASE_STRIP = NO;
				DEBUG_INFORMATION_FORMAT = "dwarf-with-dsym";
				ENABLE_NS_ASSERTIONS = NO;
				ENABLE_STRICT_OBJC_MSGSEND = YES;
				GCC_C_LANGUAGE_STANDARD = gnu11;
				GCC_NO_COMMON_BLOCKS = YES;
				GCC_WARN_64_TO_32_BIT_CONVERSION = YES;
				GCC_WARN_ABOUT_RETURN_TYPE = YES_ERROR;
				GCC_WARN_UNDECLARED_SELECTOR = YES;
				GCC_WARN_UNINITIALIZED_AUTOS = YES_AGGRESSIVE;
				GCC_WARN_UNUSED_FUNCTION = YES;
				GCC_WARN_UNUSED_VARIABLE = YES;
				MTL_ENABLE_DEBUG_INFO = NO;
				MTL_FAST_MATH = YES;
				SWIFT_COMPILATION_MODE = wholemodule;
				SWIFT_OPTIMIZATION_LEVEL = "-O";
			};
			name = Release;
		};
		66CF50722953AE2F003C5B1B /* Debug */ = {
			isa = XCBuildConfiguration;
			buildSettings = {
				ASSETCATALOG_COMPILER_APPICON_NAME = AppIcon;
				ASSETCATALOG_COMPILER_GLOBAL_ACCENT_COLOR_NAME = AccentColor;
				CODE_SIGN_ENTITLEMENTS = mdWriter/mdWriter.entitlements;
				CODE_SIGN_STYLE = Automatic;
				CURRENT_PROJECT_VERSION = 2;
				DEVELOPMENT_ASSET_PATHS = "\"mdWriter/Preview Content\"";
				DEVELOPMENT_TEAM = Q7TAQU889U;
				ENABLE_HARDENED_RUNTIME = YES;
				ENABLE_PREVIEWS = YES;
				GENERATE_INFOPLIST_FILE = YES;
				INFOPLIST_FILE = mdWriter/Info.plist;
				INFOPLIST_KEY_CFBundleDisplayName = MdWriter;
				INFOPLIST_KEY_LSApplicationCategoryType = "public.app-category.developer-tools";
				"INFOPLIST_KEY_UIApplicationSceneManifest_Generation[sdk=iphoneos*]" = YES;
				"INFOPLIST_KEY_UIApplicationSceneManifest_Generation[sdk=iphonesimulator*]" = YES;
				"INFOPLIST_KEY_UIApplicationSupportsIndirectInputEvents[sdk=iphoneos*]" = YES;
				"INFOPLIST_KEY_UIApplicationSupportsIndirectInputEvents[sdk=iphonesimulator*]" = YES;
				"INFOPLIST_KEY_UILaunchScreen_Generation[sdk=iphoneos*]" = YES;
				"INFOPLIST_KEY_UILaunchScreen_Generation[sdk=iphonesimulator*]" = YES;
				INFOPLIST_KEY_UIStatusBarStyle = "";
				"INFOPLIST_KEY_UIStatusBarStyle[sdk=iphoneos*]" = UIStatusBarStyleDefault;
				"INFOPLIST_KEY_UIStatusBarStyle[sdk=iphonesimulator*]" = UIStatusBarStyleDefault;
				INFOPLIST_KEY_UISupportedInterfaceOrientations = UIInterfaceOrientationPortrait;
				INFOPLIST_KEY_UISupportedInterfaceOrientations_iPad = "UIInterfaceOrientationLandscapeLeft UIInterfaceOrientationLandscapeRight UIInterfaceOrientationPortrait UIInterfaceOrientationPortraitUpsideDown";
				IPHONEOS_DEPLOYMENT_TARGET = 16.2;
				LD_RUNPATH_SEARCH_PATHS = "@executable_path/Frameworks";
				"LD_RUNPATH_SEARCH_PATHS[sdk=macosx*]" = "@executable_path/../Frameworks";
				MACOSX_DEPLOYMENT_TARGET = 13.0;
				MARKETING_VERSION = 0.1;
				PRODUCT_BUNDLE_IDENTIFIER = eu.finnswonderland.mdWriter;
				PRODUCT_NAME = "$(TARGET_NAME)";
				SDKROOT = auto;
				SUPPORTED_PLATFORMS = "iphoneos iphonesimulator macosx";
				SWIFT_EMIT_LOC_STRINGS = YES;
				SWIFT_VERSION = 5.0;
				TARGETED_DEVICE_FAMILY = "1,2";
			};
			name = Debug;
		};
		66CF50732953AE2F003C5B1B /* Release */ = {
			isa = XCBuildConfiguration;
			buildSettings = {
				ASSETCATALOG_COMPILER_APPICON_NAME = AppIcon;
				ASSETCATALOG_COMPILER_GLOBAL_ACCENT_COLOR_NAME = AccentColor;
				CODE_SIGN_ENTITLEMENTS = mdWriter/mdWriter.entitlements;
				CODE_SIGN_STYLE = Automatic;
				CURRENT_PROJECT_VERSION = 2;
				DEVELOPMENT_ASSET_PATHS = "\"mdWriter/Preview Content\"";
				DEVELOPMENT_TEAM = Q7TAQU889U;
				ENABLE_HARDENED_RUNTIME = YES;
				ENABLE_PREVIEWS = YES;
				GENERATE_INFOPLIST_FILE = YES;
				INFOPLIST_FILE = mdWriter/Info.plist;
				INFOPLIST_KEY_CFBundleDisplayName = MdWriter;
				INFOPLIST_KEY_LSApplicationCategoryType = "public.app-category.developer-tools";
				"INFOPLIST_KEY_UIApplicationSceneManifest_Generation[sdk=iphoneos*]" = YES;
				"INFOPLIST_KEY_UIApplicationSceneManifest_Generation[sdk=iphonesimulator*]" = YES;
				"INFOPLIST_KEY_UIApplicationSupportsIndirectInputEvents[sdk=iphoneos*]" = YES;
				"INFOPLIST_KEY_UIApplicationSupportsIndirectInputEvents[sdk=iphonesimulator*]" = YES;
				"INFOPLIST_KEY_UILaunchScreen_Generation[sdk=iphoneos*]" = YES;
				"INFOPLIST_KEY_UILaunchScreen_Generation[sdk=iphonesimulator*]" = YES;
				INFOPLIST_KEY_UIStatusBarStyle = "";
				"INFOPLIST_KEY_UIStatusBarStyle[sdk=iphoneos*]" = UIStatusBarStyleDefault;
				"INFOPLIST_KEY_UIStatusBarStyle[sdk=iphonesimulator*]" = UIStatusBarStyleDefault;
				INFOPLIST_KEY_UISupportedInterfaceOrientations = UIInterfaceOrientationPortrait;
				INFOPLIST_KEY_UISupportedInterfaceOrientations_iPad = "UIInterfaceOrientationLandscapeLeft UIInterfaceOrientationLandscapeRight UIInterfaceOrientationPortrait UIInterfaceOrientationPortraitUpsideDown";
				IPHONEOS_DEPLOYMENT_TARGET = 16.2;
				LD_RUNPATH_SEARCH_PATHS = "@executable_path/Frameworks";
				"LD_RUNPATH_SEARCH_PATHS[sdk=macosx*]" = "@executable_path/../Frameworks";
				MACOSX_DEPLOYMENT_TARGET = 13.0;
				MARKETING_VERSION = 0.1;
				PRODUCT_BUNDLE_IDENTIFIER = eu.finnswonderland.mdWriter;
				PRODUCT_NAME = "$(TARGET_NAME)";
				SDKROOT = auto;
				SUPPORTED_PLATFORMS = "iphoneos iphonesimulator macosx";
				SWIFT_EMIT_LOC_STRINGS = YES;
				SWIFT_VERSION = 5.0;
				TARGETED_DEVICE_FAMILY = "1,2";
			};
			name = Release;
		};
/* End XCBuildConfiguration section */

/* Begin XCConfigurationList section */
		66CF505D2953AE2E003C5B1B /* Build configuration list for PBXProject "mdWriter" */ = {
			isa = XCConfigurationList;
			buildConfigurations = (
				66CF506F2953AE2F003C5B1B /* Debug */,
				66CF50702953AE2F003C5B1B /* Release */,
			);
			defaultConfigurationIsVisible = 0;
			defaultConfigurationName = Release;
		};
		66CF50712953AE2F003C5B1B /* Build configuration list for PBXNativeTarget "mdWriter" */ = {
			isa = XCConfigurationList;
			buildConfigurations = (
				66CF50722953AE2F003C5B1B /* Debug */,
				66CF50732953AE2F003C5B1B /* Release */,
			);
			defaultConfigurationIsVisible = 0;
			defaultConfigurationName = Release;
		};
/* End XCConfigurationList section */

/* Begin XCRemoteSwiftPackageReference section */
		6697C3A72954A685004915A4 /* XCRemoteSwiftPackageReference "CodeEditor" */ = {
			isa = XCRemoteSwiftPackageReference;
			repositoryURL = "https://github.com/ZeeZide/CodeEditor.git";
			requirement = {
				kind = upToNextMajorVersion;
				minimumVersion = 1.0.0;
			};
		};
		6698E3A2295475BE00EDF00E /* XCRemoteSwiftPackageReference "MarkdownUI" */ = {
			isa = XCRemoteSwiftPackageReference;
			repositoryURL = "https://github.com/gonzalezreal/MarkdownUI.git";
			requirement = {
				kind = upToNextMajorVersion;
				minimumVersion = 1.0.0;
			};
		};
/* End XCRemoteSwiftPackageReference section */

/* Begin XCSwiftPackageProductDependency section */
		6697C3A82954A685004915A4 /* CodeEditor */ = {
			isa = XCSwiftPackageProductDependency;
			package = 6697C3A72954A685004915A4 /* XCRemoteSwiftPackageReference "CodeEditor" */;
			productName = CodeEditor;
		};
		6698E3A3295475BE00EDF00E /* MarkdownUI */ = {
			isa = XCSwiftPackageProductDependency;
			package = 6698E3A2295475BE00EDF00E /* XCRemoteSwiftPackageReference "MarkdownUI" */;
			productName = MarkdownUI;
		};
/* End XCSwiftPackageProductDependency section */
	};
	rootObject = 66CF505A2953AE2E003C5B1B /* Project object */;
}
